
Microsoft Visual Studio Solution File, Format Version 12.00
# Visual Studio Version 17
VisualStudioVersion = 17.5.002.0
MinimumVisualStudioVersion = 10.0.40219.1
Project("{FAE04EC0-301F-11D3-BF4B-00C04F79EFBC}") = "UltraHornyBoard.Core", "UltraHornyBoard.Core\UltraHornyBoard.Core.csproj", "{74DEADE3-6EE5-4B88-ACB0-169D7149B5B1}"
EndProject
Project("{FAE04EC0-301F-11D3-BF4B-00C04F79EFBC}") = "UltraHornyBoard.Auth", "UltraHornyBoard.Auth\UltraHornyBoard.Auth.csproj", "{BA811B15-DDC6-4C62-92B8-7CF572D26B5E}"
EndProject
Project("{FAE04EC0-301F-11D3-BF4B-00C04F79EFBC}") = "UltraHornyBoard.Shared", "UltraHornyBoard.Shared\UltraHornyBoard.Shared.csproj", "{406729E1-C8C5-488C-A4F3-9D5FE16CA185}"
EndProject
Project("{FAE04EC0-301F-11D3-BF4B-00C04F79EFBC}") = "SGLibCS.Utils", "SGLibCS.Utils\SGLibCS.Utils.csproj", "{5D988EF3-A160-4106-AC58-EDFAB7344BA3}"
EndProject
Global
	GlobalSection(SolutionConfigurationPlatforms) = preSolution
		Debug|Any CPU = Debug|Any CPU
		Debug|x64 = Debug|x64
		Debug|x86 = Debug|x86
		Release|Any CPU = Release|Any CPU
		Release|x64 = Release|x64
		Release|x86 = Release|x86
	EndGlobalSection
	GlobalSection(ProjectConfigurationPlatforms) = postSolution
		{74DEADE3-6EE5-4B88-ACB0-169D7149B5B1}.Debug|Any CPU.ActiveCfg = Debug|Any CPU
		{74DEADE3-6EE5-4B88-ACB0-169D7149B5B1}.Debug|Any CPU.Build.0 = Debug|Any CPU
		{74DEADE3-6EE5-4B88-ACB0-169D7149B5B1}.Debug|x64.ActiveCfg = Debug|Any CPU
		{74DEADE3-6EE5-4B88-ACB0-169D7149B5B1}.Debug|x64.Build.0 = Debug|Any CPU
		{74DEADE3-6EE5-4B88-ACB0-169D7149B5B1}.Debug|x86.ActiveCfg = Debug|Any CPU
		{74DEADE3-6EE5-4B88-ACB0-169D7149B5B1}.Debug|x86.Build.0 = Debug|Any CPU
		{74DEADE3-6EE5-4B88-ACB0-169D7149B5B1}.Release|Any CPU.ActiveCfg = Release|Any CPU
		{74DEADE3-6EE5-4B88-ACB0-169D7149B5B1}.Release|Any CPU.Build.0 = Release|Any CPU
		{74DEADE3-6EE5-4B88-ACB0-169D7149B5B1}.Release|x64.ActiveCfg = Release|Any CPU
		{74DEADE3-6EE5-4B88-ACB0-169D7149B5B1}.Release|x64.Build.0 = Release|Any CPU
		{74DEADE3-6EE5-4B88-ACB0-169D7149B5B1}.Release|x86.ActiveCfg = Release|Any CPU
		{74DEADE3-6EE5-4B88-ACB0-169D7149B5B1}.Release|x86.Build.0 = Release|Any CPU
		{BA811B15-DDC6-4C62-92B8-7CF572D26B5E}.Debug|Any CPU.ActiveCfg = Debug|Any CPU
		{BA811B15-DDC6-4C62-92B8-7CF572D26B5E}.Debug|Any CPU.Build.0 = Debug|Any CPU
		{BA811B15-DDC6-4C62-92B8-7CF572D26B5E}.Debug|x64.ActiveCfg = Debug|Any CPU
		{BA811B15-DDC6-4C62-92B8-7CF572D26B5E}.Debug|x64.Build.0 = Debug|Any CPU
		{BA811B15-DDC6-4C62-92B8-7CF572D26B5E}.Debug|x86.ActiveCfg = Debug|Any CPU
		{BA811B15-DDC6-4C62-92B8-7CF572D26B5E}.Debug|x86.Build.0 = Debug|Any CPU
		{BA811B15-DDC6-4C62-92B8-7CF572D26B5E}.Release|Any CPU.ActiveCfg = Release|Any CPU
		{BA811B15-DDC6-4C62-92B8-7CF572D26B5E}.Release|Any CPU.Build.0 = Release|Any CPU
		{BA811B15-DDC6-4C62-92B8-7CF572D26B5E}.Release|x64.ActiveCfg = Release|Any CPU
		{BA811B15-DDC6-4C62-92B8-7CF572D26B5E}.Release|x64.Build.0 = Release|Any CPU
		{BA811B15-DDC6-4C62-92B8-7CF572D26B5E}.Release|x86.ActiveCfg = Release|Any CPU
		{BA811B15-DDC6-4C62-92B8-7CF572D26B5E}.Release|x86.Build.0 = Release|Any CPU
		{406729E1-C8C5-488C-A4F3-9D5FE16CA185}.Debug|Any CPU.ActiveCfg = Debug|Any CPU
		{406729E1-C8C5-488C-A4F3-9D5FE16CA185}.Debug|Any CPU.Build.0 = Debug|Any CPU
		{406729E1-C8C5-488C-A4F3-9D5FE16CA185}.Debug|x64.ActiveCfg = Debug|Any CPU
		{406729E1-C8C5-488C-A4F3-9D5FE16CA185}.Debug|x64.Build.0 = Debug|Any CPU
		{406729E1-C8C5-488C-A4F3-9D5FE16CA185}.Debug|x86.ActiveCfg = Debug|Any CPU
		{406729E1-C8C5-488C-A4F3-9D5FE16CA185}.Debug|x86.Build.0 = Debug|Any CPU
		{406729E1-C8C5-488C-A4F3-9D5FE16CA185}.Release|Any CPU.ActiveCfg = Release|Any CPU
		{406729E1-C8C5-488C-A4F3-9D5FE16CA185}.Release|Any CPU.Build.0 = Release|Any CPU
		{406729E1-C8C5-488C-A4F3-9D5FE16CA185}.Release|x64.ActiveCfg = Release|Any CPU
		{406729E1-C8C5-488C-A4F3-9D5FE16CA185}.Release|x64.Build.0 = Release|Any CPU
		{406729E1-C8C5-488C-A4F3-9D5FE16CA185}.Release|x86.ActiveCfg = Release|Any CPU
		{406729E1-C8C5-488C-A4F3-9D5FE16CA185}.Release|x86.Build.0 = Release|Any CPU
		{5D988EF3-A160-4106-AC58-EDFAB7344BA3}.Debug|Any CPU.ActiveCfg = Debug|Any CPU
		{5D988EF3-A160-4106-AC58-EDFAB7344BA3}.Debug|Any CPU.Build.0 = Debug|Any CPU
		{5D988EF3-A160-4106-AC58-EDFAB7344BA3}.Debug|x64.ActiveCfg = Debug|Any CPU
		{5D988EF3-A160-4106-AC58-EDFAB7344BA3}.Debug|x64.Build.0 = Debug|Any CPU
		{5D988EF3-A160-4106-AC58-EDFAB7344BA3}.Debug|x86.ActiveCfg = Debug|Any CPU
		{5D988EF3-A160-4106-AC58-EDFAB7344BA3}.Debug|x86.Build.0 = Debug|Any CPU
		{5D988EF3-A160-4106-AC58-EDFAB7344BA3}.Release|Any CPU.ActiveCfg = Release|Any CPU
		{5D988EF3-A160-4106-AC58-EDFAB7344BA3}.Release|Any CPU.Build.0 = Release|Any CPU
		{5D988EF3-A160-4106-AC58-EDFAB7344BA3}.Release|x64.ActiveCfg = Release|Any CPU
		{5D988EF3-A160-4106-AC58-EDFAB7344BA3}.Release|x64.Build.0 = Release|Any CPU
		{5D988EF3-A160-4106-AC58-EDFAB7344BA3}.Release|x86.ActiveCfg = Release|Any CPU
		{5D988EF3-A160-4106-AC58-EDFAB7344BA3}.Release|x86.Build.0 = Release|Any CPU
	EndGlobalSection
	GlobalSection(SolutionProperties) = preSolution
		HideSolutionNode = FALSE
	EndGlobalSection
	GlobalSection(ExtensibilityGlobals) = postSolution
		SolutionGuid = {C466F567-3FCD-4AA1-82C3-0FC0FFCB3294}
	EndGlobalSection
EndGlobal
