
Microsoft Visual Studio Solution File, Format Version 12.00
# Visual Studio Version 17
VisualStudioVersion = 17.5.002.0
MinimumVisualStudioVersion = 10.0.40219.1
Project("{9A19103F-16F7-4668-BE54-9A1E7A4F7556}") = "ultra-horny-board", "ultra-horny-board.csproj", "{55A814A8-943C-4CA7-BC52-DD4DEC5B2C8A}"
EndProject
Global
	GlobalSection(SolutionConfigurationPlatforms) = preSolution
		Debug|Any CPU = Debug|Any CPU
		Release|Any CPU = Release|Any CPU
	EndGlobalSection
	GlobalSection(ProjectConfigurationPlatforms) = postSolution
		{55A814A8-943C-4CA7-BC52-DD4DEC5B2C8A}.Debug|Any CPU.ActiveCfg = Debug|Any CPU
		{55A814A8-943C-4CA7-BC52-DD4DEC5B2C8A}.Debug|Any CPU.Build.0 = Debug|Any CPU
		{55A814A8-943C-4CA7-BC52-DD4DEC5B2C8A}.Release|Any CPU.ActiveCfg = Release|Any CPU
		{55A814A8-943C-4CA7-BC52-DD4DEC5B2C8A}.Release|Any CPU.Build.0 = Release|Any CPU
	EndGlobalSection
	GlobalSection(SolutionProperties) = preSolution
		HideSolutionNode = FALSE
	EndGlobalSection
	GlobalSection(ExtensibilityGlobals) = postSolution
		SolutionGuid = {C466F567-3FCD-4AA1-82C3-0FC0FFCB3294}
	EndGlobalSection
EndGlobal
